{
  "name": "mi-web-technologien-beiboot-ss2024-denwae",
  "lockfileVersion": 3,
  "requires": true,
  "packages": {
    "": {
      "dependencies": {
        "dragselect": "^3.0.7"
      }
    },
    "node_modules/dragselect": {
      "version": "3.0.7",
      "resolved": "https://registry.npmjs.org/dragselect/-/dragselect-3.0.7.tgz",
      "integrity": "sha512-67AkMH67kuyGaJ1HyIkNARqmp62J40NUfTtS6s7YrOdfzXuhb4vZhzogFGIsc/bSEThTJDL4oaOfA4RcqzJxhw==",
      "license": "GPL-3.0"
    }
  }
}
